
Microsoft Visual Studio Solution File, Format Version 12.00
# Visual Studio Version 17
VisualStudioVersion = 17.4.33122.133
MinimumVisualStudioVersion = 10.0.40219.1
Project("{8BC9CEB8-8B4A-11D0-8D11-00A0C91BC942}") = "关于数据结构", "关于数据结构.vcxproj", "{B94DB1BA-0633-4C00-8B4C-D17A0089A0CA}"
EndProject
Global
	GlobalSection(SolutionConfigurationPlatforms) = preSolution
		Debug|x64 = Debug|x64
		Debug|x86 = Debug|x86
		Release|x64 = Release|x64
		Release|x86 = Release|x86
	EndGlobalSection
	GlobalSection(ProjectConfigurationPlatforms) = postSolution
		{B94DB1BA-0633-4C00-8B4C-D17A0089A0CA}.Debug|x64.ActiveCfg = Debug|x64
		{B94DB1BA-0633-4C00-8B4C-D17A0089A0CA}.Debug|x64.Build.0 = Debug|x64
		{B94DB1BA-0633-4C00-8B4C-D17A0089A0CA}.Debug|x86.ActiveCfg = Debug|Win32
		{B94DB1BA-0633-4C00-8B4C-D17A0089A0CA}.Debug|x86.Build.0 = Debug|Win32
		{B94DB1BA-0633-4C00-8B4C-D17A0089A0CA}.Release|x64.ActiveCfg = Release|x64
		{B94DB1BA-0633-4C00-8B4C-D17A0089A0CA}.Release|x64.Build.0 = Release|x64
		{B94DB1BA-0633-4C00-8B4C-D17A0089A0CA}.Release|x86.ActiveCfg = Release|Win32
		{B94DB1BA-0633-4C00-8B4C-D17A0089A0CA}.Release|x86.Build.0 = Release|Win32
	EndGlobalSection
	GlobalSection(SolutionProperties) = preSolution
		HideSolutionNode = FALSE
	EndGlobalSection
	GlobalSection(ExtensibilityGlobals) = postSolution
		SolutionGuid = {9EBA925F-F730-48D3-A65A-3C5FC27C74B7}
	EndGlobalSection
EndGlobal
